
Microsoft Visual Studio Solution File, Format Version 12.00
# Visual Studio 15
VisualStudioVersion = 15.0.28307.1259
MinimumVisualStudioVersion = 10.0.40219.1
Project("{F184B08F-C81C-45F6-A57F-5ABD9991F28F}") = "Duhvinchee", "How2\Duhvinchee.vbproj", "{2632D530-BD27-4351-BDDF-808E60CD375B}"
EndProject
Global
	GlobalSection(SolutionConfigurationPlatforms) = preSolution
		Debug|Any CPU = Debug|Any CPU
		Release|Any CPU = Release|Any CPU
	EndGlobalSection
	GlobalSection(ProjectConfigurationPlatforms) = postSolution
		{2632D530-BD27-4351-BDDF-808E60CD375B}.Debug|Any CPU.ActiveCfg = Debug|Any CPU
		{2632D530-BD27-4351-BDDF-808E60CD375B}.Debug|Any CPU.Build.0 = Debug|Any CPU
		{2632D530-BD27-4351-BDDF-808E60CD375B}.Release|Any CPU.ActiveCfg = Release|Any CPU
		{2632D530-BD27-4351-BDDF-808E60CD375B}.Release|Any CPU.Build.0 = Release|Any CPU
	EndGlobalSection
	GlobalSection(SolutionProperties) = preSolution
		HideSolutionNode = FALSE
	EndGlobalSection
	GlobalSection(ExtensibilityGlobals) = postSolution
		SolutionGuid = {DB82DA2E-2E6A-4DFA-8080-52C474D909E5}
	EndGlobalSection
EndGlobal
